// !$*UTF8*$!
{
	archiveVersion = 1;
	classes = {
	};
	objectVersion = 55;
	objects = {

/* Begin PBXBuildFile section */
		1B5EE690F7C3D716FE6AAA4F /* Pods_Location.framework in Frameworks */ = {isa = PBXBuildFile; fileRef = DB366FA1BBC089C50FCFEB41 /* Pods_Location.framework */; };
		793DC931271C607A00640FA2 /* LoginViewController.swift in Sources */ = {isa = PBXBuildFile; fileRef = 793DC930271C607A00640FA2 /* LoginViewController.swift */; };
		793DC934271C60D000640FA2 /* UsersDB.swift in Sources */ = {isa = PBXBuildFile; fileRef = 793DC933271C60D000640FA2 /* UsersDB.swift */; };
		793DC937271C611D00640FA2 /* User.swift in Sources */ = {isa = PBXBuildFile; fileRef = 793DC936271C611D00640FA2 /* User.swift */; };
		793DC93A271C6B9E00640FA2 /* LoginViewModel.swift in Sources */ = {isa = PBXBuildFile; fileRef = 793DC939271C6B9E00640FA2 /* LoginViewModel.swift */; };
		793DC93F271C7A1300640FA2 /* LoginModuleBuilder.swift in Sources */ = {isa = PBXBuildFile; fileRef = 793DC93E271C7A1300640FA2 /* LoginModuleBuilder.swift */; };
		793DC942271C7BF700640FA2 /* BaseRouter.swift in Sources */ = {isa = PBXBuildFile; fileRef = 793DC941271C7BF700640FA2 /* BaseRouter.swift */; };
		793DC944271C7D0400640FA2 /* LoginRouter.swift in Sources */ = {isa = PBXBuildFile; fileRef = 793DC943271C7D0400640FA2 /* LoginRouter.swift */; };
		793DC947271C844600640FA2 /* RegistrationViewController.swift in Sources */ = {isa = PBXBuildFile; fileRef = 793DC946271C844600640FA2 /* RegistrationViewController.swift */; };
		793DC949271C845400640FA2 /* RegistrationViewModel.swift in Sources */ = {isa = PBXBuildFile; fileRef = 793DC948271C845400640FA2 /* RegistrationViewModel.swift */; };
		793DC94B271C846900640FA2 /* RegistrationModuleBuilder.swift in Sources */ = {isa = PBXBuildFile; fileRef = 793DC94A271C846900640FA2 /* RegistrationModuleBuilder.swift */; };
		793DC94D271C847500640FA2 /* RegistrationRouter.swift in Sources */ = {isa = PBXBuildFile; fileRef = 793DC94C271C847500640FA2 /* RegistrationRouter.swift */; };
		793DC94F271C856500640FA2 /* RegistrationPresentableRouter.swift in Sources */ = {isa = PBXBuildFile; fileRef = 793DC94E271C856500640FA2 /* RegistrationPresentableRouter.swift */; };
		793DC952271C8B0300640FA2 /* MapPresentableRouter.swift in Sources */ = {isa = PBXBuildFile; fileRef = 793DC951271C8B0300640FA2 /* MapPresentableRouter.swift */; };
		797CD34F27103537005CD514 /* AppDelegate.swift in Sources */ = {isa = PBXBuildFile; fileRef = 797CD34E27103537005CD514 /* AppDelegate.swift */; };
		797CD35127103537005CD514 /* SceneDelegate.swift in Sources */ = {isa = PBXBuildFile; fileRef = 797CD35027103537005CD514 /* SceneDelegate.swift */; };
		797CD35327103537005CD514 /* MapViewController.swift in Sources */ = {isa = PBXBuildFile; fileRef = 797CD35227103537005CD514 /* MapViewController.swift */; };
		797CD3582710353A005CD514 /* Assets.xcassets in Resources */ = {isa = PBXBuildFile; fileRef = 797CD3572710353A005CD514 /* Assets.xcassets */; };
		797CD35B2710353A005CD514 /* LaunchScreen.storyboard in Resources */ = {isa = PBXBuildFile; fileRef = 797CD3592710353A005CD514 /* LaunchScreen.storyboard */; };
		79B426D1271E13450026E257 /* BlockViewController.swift in Sources */ = {isa = PBXBuildFile; fileRef = 79B426D0271E13450026E257 /* BlockViewController.swift */; };
/* End PBXBuildFile section */

/* Begin PBXFileReference section */
		3DADEF39C8C57E051071B5E8 /* Pods-Location.release.xcconfig */ = {isa = PBXFileReference; includeInIndex = 1; lastKnownFileType = text.xcconfig; name = "Pods-Location.release.xcconfig"; path = "Target Support Files/Pods-Location/Pods-Location.release.xcconfig"; sourceTree = "<group>"; };
		793DC930271C607A00640FA2 /* LoginViewController.swift */ = {isa = PBXFileReference; lastKnownFileType = sourcecode.swift; path = LoginViewController.swift; sourceTree = "<group>"; };
		793DC933271C60D000640FA2 /* UsersDB.swift */ = {isa = PBXFileReference; lastKnownFileType = sourcecode.swift; path = UsersDB.swift; sourceTree = "<group>"; };
		793DC936271C611D00640FA2 /* User.swift */ = {isa = PBXFileReference; lastKnownFileType = sourcecode.swift; path = User.swift; sourceTree = "<group>"; };
		793DC939271C6B9E00640FA2 /* LoginViewModel.swift */ = {isa = PBXFileReference; lastKnownFileType = sourcecode.swift; path = LoginViewModel.swift; sourceTree = "<group>"; };
		793DC93E271C7A1300640FA2 /* LoginModuleBuilder.swift */ = {isa = PBXFileReference; lastKnownFileType = sourcecode.swift; path = LoginModuleBuilder.swift; sourceTree = "<group>"; };
		793DC941271C7BF700640FA2 /* BaseRouter.swift */ = {isa = PBXFileReference; lastKnownFileType = sourcecode.swift; path = BaseRouter.swift; sourceTree = "<group>"; };
		793DC943271C7D0400640FA2 /* LoginRouter.swift */ = {isa = PBXFileReference; lastKnownFileType = sourcecode.swift; path = LoginRouter.swift; sourceTree = "<group>"; };
		793DC946271C844600640FA2 /* RegistrationViewController.swift */ = {isa = PBXFileReference; lastKnownFileType = sourcecode.swift; path = RegistrationViewController.swift; sourceTree = "<group>"; };
		793DC948271C845400640FA2 /* RegistrationViewModel.swift */ = {isa = PBXFileReference; lastKnownFileType = sourcecode.swift; path = RegistrationViewModel.swift; sourceTree = "<group>"; };
		793DC94A271C846900640FA2 /* RegistrationModuleBuilder.swift */ = {isa = PBXFileReference; lastKnownFileType = sourcecode.swift; path = RegistrationModuleBuilder.swift; sourceTree = "<group>"; };
		793DC94C271C847500640FA2 /* RegistrationRouter.swift */ = {isa = PBXFileReference; lastKnownFileType = sourcecode.swift; path = RegistrationRouter.swift; sourceTree = "<group>"; };
		793DC94E271C856500640FA2 /* RegistrationPresentableRouter.swift */ = {isa = PBXFileReference; lastKnownFileType = sourcecode.swift; path = RegistrationPresentableRouter.swift; sourceTree = "<group>"; };
		793DC951271C8B0300640FA2 /* MapPresentableRouter.swift */ = {isa = PBXFileReference; lastKnownFileType = sourcecode.swift; path = MapPresentableRouter.swift; sourceTree = "<group>"; };
		797CD34B27103537005CD514 /* Location.app */ = {isa = PBXFileReference; explicitFileType = wrapper.application; includeInIndex = 0; path = Location.app; sourceTree = BUILT_PRODUCTS_DIR; };
		797CD34E27103537005CD514 /* AppDelegate.swift */ = {isa = PBXFileReference; lastKnownFileType = sourcecode.swift; path = AppDelegate.swift; sourceTree = "<group>"; };
		797CD35027103537005CD514 /* SceneDelegate.swift */ = {isa = PBXFileReference; lastKnownFileType = sourcecode.swift; path = SceneDelegate.swift; sourceTree = "<group>"; };
		797CD35227103537005CD514 /* MapViewController.swift */ = {isa = PBXFileReference; lastKnownFileType = sourcecode.swift; path = MapViewController.swift; sourceTree = "<group>"; };
		797CD3572710353A005CD514 /* Assets.xcassets */ = {isa = PBXFileReference; lastKnownFileType = folder.assetcatalog; path = Assets.xcassets; sourceTree = "<group>"; };
		797CD35A2710353A005CD514 /* Base */ = {isa = PBXFileReference; lastKnownFileType = file.storyboard; name = Base; path = Base.lproj/LaunchScreen.storyboard; sourceTree = "<group>"; };
		797CD35C2710353A005CD514 /* Info.plist */ = {isa = PBXFileReference; lastKnownFileType = text.plist.xml; path = Info.plist; sourceTree = "<group>"; };
		79B426D0271E13450026E257 /* BlockViewController.swift */ = {isa = PBXFileReference; lastKnownFileType = sourcecode.swift; path = BlockViewController.swift; sourceTree = "<group>"; };
		D913475B797B00890269AA45 /* Pods-Location.debug.xcconfig */ = {isa = PBXFileReference; includeInIndex = 1; lastKnownFileType = text.xcconfig; name = "Pods-Location.debug.xcconfig"; path = "Target Support Files/Pods-Location/Pods-Location.debug.xcconfig"; sourceTree = "<group>"; };
		DB366FA1BBC089C50FCFEB41 /* Pods_Location.framework */ = {isa = PBXFileReference; explicitFileType = wrapper.framework; includeInIndex = 0; path = Pods_Location.framework; sourceTree = BUILT_PRODUCTS_DIR; };
/* End PBXFileReference section */

/* Begin PBXFrameworksBuildPhase section */
		797CD34827103537005CD514 /* Frameworks */ = {
			isa = PBXFrameworksBuildPhase;
			buildActionMask = 2147483647;
			files = (
				1B5EE690F7C3D716FE6AAA4F /* Pods_Location.framework in Frameworks */,
			);
			runOnlyForDeploymentPostprocessing = 0;
		};
/* End PBXFrameworksBuildPhase section */

/* Begin PBXGroup section */
		1136D4A9FC79B86201BBD906 /* Frameworks */ = {
			isa = PBXGroup;
			children = (
				DB366FA1BBC089C50FCFEB41 /* Pods_Location.framework */,
			);
			name = Frameworks;
			sourceTree = "<group>";
		};
		793DC92E271C5E2500640FA2 /* Flows */ = {
			isa = PBXGroup;
			children = (
				793DC938271C6B8900640FA2 /* Login */,
				793DC945271C842400640FA2 /* Registration */,
				793DC950271C8ADB00640FA2 /* Map */,
			);
			path = Flows;
			sourceTree = "<group>";
		};
		793DC92F271C5E2F00640FA2 /* Common */ = {
			isa = PBXGroup;
			children = (
				797CD34E27103537005CD514 /* AppDelegate.swift */,
				797CD35027103537005CD514 /* SceneDelegate.swift */,
				797CD3592710353A005CD514 /* LaunchScreen.storyboard */,
				797CD35C2710353A005CD514 /* Info.plist */,
				79B426D0271E13450026E257 /* BlockViewController.swift */,
			);
			path = Common;
			sourceTree = "<group>";
		};
		793DC932271C60AC00640FA2 /* Helpers */ = {
			isa = PBXGroup;
			children = (
				793DC933271C60D000640FA2 /* UsersDB.swift */,
			);
			path = Helpers;
			sourceTree = "<group>";
		};
		793DC935271C610E00640FA2 /* Models */ = {
			isa = PBXGroup;
			children = (
				793DC936271C611D00640FA2 /* User.swift */,
			);
			path = Models;
			sourceTree = "<group>";
		};
		793DC938271C6B8900640FA2 /* Login */ = {
			isa = PBXGroup;
			children = (
				793DC930271C607A00640FA2 /* LoginViewController.swift */,
				793DC939271C6B9E00640FA2 /* LoginViewModel.swift */,
				793DC93E271C7A1300640FA2 /* LoginModuleBuilder.swift */,
				793DC943271C7D0400640FA2 /* LoginRouter.swift */,
			);
			path = Login;
			sourceTree = "<group>";
		};
		793DC93B271C71C600640FA2 /* Extensions */ = {
			isa = PBXGroup;
			children = (
			);
			path = Extensions;
			sourceTree = "<group>";
		};
		793DC940271C7BE600640FA2 /* Core */ = {
			isa = PBXGroup;
			children = (
				793DC941271C7BF700640FA2 /* BaseRouter.swift */,
			);
			path = Core;
			sourceTree = "<group>";
		};
		793DC945271C842400640FA2 /* Registration */ = {
			isa = PBXGroup;
			children = (
				793DC946271C844600640FA2 /* RegistrationViewController.swift */,
				793DC948271C845400640FA2 /* RegistrationViewModel.swift */,
				793DC94A271C846900640FA2 /* RegistrationModuleBuilder.swift */,
				793DC94C271C847500640FA2 /* RegistrationRouter.swift */,
				793DC94E271C856500640FA2 /* RegistrationPresentableRouter.swift */,
			);
			path = Registration;
			sourceTree = "<group>";
		};
		793DC950271C8ADB00640FA2 /* Map */ = {
			isa = PBXGroup;
			children = (
				797CD35227103537005CD514 /* MapViewController.swift */,
				793DC951271C8B0300640FA2 /* MapPresentableRouter.swift */,
			);
			path = Map;
			sourceTree = "<group>";
		};
		793DC957271C936300640FA2 /* Resources */ = {
			isa = PBXGroup;
			children = (
				797CD3572710353A005CD514 /* Assets.xcassets */,
			);
			path = Resources;
			sourceTree = "<group>";
		};
		797CD34227103537005CD514 = {
			isa = PBXGroup;
			children = (
				797CD34D27103537005CD514 /* Location */,
				797CD34C27103537005CD514 /* Products */,
				ED18A1938A92CE9F3185C34C /* Pods */,
				1136D4A9FC79B86201BBD906 /* Frameworks */,
			);
			sourceTree = "<group>";
		};
		797CD34C27103537005CD514 /* Products */ = {
			isa = PBXGroup;
			children = (
				797CD34B27103537005CD514 /* Location.app */,
			);
			name = Products;
			sourceTree = "<group>";
		};
		797CD34D27103537005CD514 /* Location */ = {
			isa = PBXGroup;
			children = (
				793DC92F271C5E2F00640FA2 /* Common */,
				793DC92E271C5E2500640FA2 /* Flows */,
				793DC935271C610E00640FA2 /* Models */,
				793DC93B271C71C600640FA2 /* Extensions */,
				793DC940271C7BE600640FA2 /* Core */,
				793DC932271C60AC00640FA2 /* Helpers */,
				793DC957271C936300640FA2 /* Resources */,
			);
			path = Location;
			sourceTree = "<group>";
		};
		ED18A1938A92CE9F3185C34C /* Pods */ = {
			isa = PBXGroup;
			children = (
				D913475B797B00890269AA45 /* Pods-Location.debug.xcconfig */,
				3DADEF39C8C57E051071B5E8 /* Pods-Location.release.xcconfig */,
			);
			path = Pods;
			sourceTree = "<group>";
		};
/* End PBXGroup section */

/* Begin PBXNativeTarget section */
		797CD34A27103537005CD514 /* Location */ = {
			isa = PBXNativeTarget;
			buildConfigurationList = 797CD35F2710353A005CD514 /* Build configuration list for PBXNativeTarget "Location" */;
			buildPhases = (
				C8A442C7D78AB62F8C9F280B /* [CP] Check Pods Manifest.lock */,
				797CD34727103537005CD514 /* Sources */,
				797CD34827103537005CD514 /* Frameworks */,
				797CD34927103537005CD514 /* Resources */,
				825086C4755DF20A4643A102 /* [CP] Copy Pods Resources */,
				41F5646132369F7BFB3030D4 /* [CP] Embed Pods Frameworks */,
			);
			buildRules = (
			);
			dependencies = (
			);
			name = Location;
			productName = Location;
			productReference = 797CD34B27103537005CD514 /* Location.app */;
			productType = "com.apple.product-type.application";
		};
/* End PBXNativeTarget section */

/* Begin PBXProject section */
		797CD34327103537005CD514 /* Project object */ = {
			isa = PBXProject;
			attributes = {
				BuildIndependentTargetsInParallel = 1;
				LastSwiftUpdateCheck = 1300;
				LastUpgradeCheck = 1300;
				TargetAttributes = {
					797CD34A27103537005CD514 = {
						CreatedOnToolsVersion = 13.0;
					};
				};
			};
			buildConfigurationList = 797CD34627103537005CD514 /* Build configuration list for PBXProject "Location" */;
			compatibilityVersion = "Xcode 13.0";
			developmentRegion = en;
			hasScannedForEncodings = 0;
			knownRegions = (
				en,
				Base,
			);
			mainGroup = 797CD34227103537005CD514;
			productRefGroup = 797CD34C27103537005CD514 /* Products */;
			projectDirPath = "";
			projectRoot = "";
			targets = (
				797CD34A27103537005CD514 /* Location */,
			);
		};
/* End PBXProject section */

/* Begin PBXResourcesBuildPhase section */
		797CD34927103537005CD514 /* Resources */ = {
			isa = PBXResourcesBuildPhase;
			buildActionMask = 2147483647;
			files = (
				797CD35B2710353A005CD514 /* LaunchScreen.storyboard in Resources */,
				797CD3582710353A005CD514 /* Assets.xcassets in Resources */,
			);
			runOnlyForDeploymentPostprocessing = 0;
		};
/* End PBXResourcesBuildPhase section */

/* Begin PBXShellScriptBuildPhase section */
		41F5646132369F7BFB3030D4 /* [CP] Embed Pods Frameworks */ = {
			isa = PBXShellScriptBuildPhase;
			buildActionMask = 2147483647;
			files = (
			);
			inputFileListPaths = (
				"${PODS_ROOT}/Target Support Files/Pods-Location/Pods-Location-frameworks-${CONFIGURATION}-input-files.xcfilelist",
			);
			name = "[CP] Embed Pods Frameworks";
			outputFileListPaths = (
				"${PODS_ROOT}/Target Support Files/Pods-Location/Pods-Location-frameworks-${CONFIGURATION}-output-files.xcfilelist",
			);
			runOnlyForDeploymentPostprocessing = 0;
			shellPath = /bin/sh;
			shellScript = "\"${PODS_ROOT}/Target Support Files/Pods-Location/Pods-Location-frameworks.sh\"\n";
			showEnvVarsInLog = 0;
		};
		825086C4755DF20A4643A102 /* [CP] Copy Pods Resources */ = {
			isa = PBXShellScriptBuildPhase;
			buildActionMask = 2147483647;
			files = (
			);
			inputFileListPaths = (
				"${PODS_ROOT}/Target Support Files/Pods-Location/Pods-Location-resources-${CONFIGURATION}-input-files.xcfilelist",
			);
			name = "[CP] Copy Pods Resources";
			outputFileListPaths = (
				"${PODS_ROOT}/Target Support Files/Pods-Location/Pods-Location-resources-${CONFIGURATION}-output-files.xcfilelist",
			);
			runOnlyForDeploymentPostprocessing = 0;
			shellPath = /bin/sh;
			shellScript = "\"${PODS_ROOT}/Target Support Files/Pods-Location/Pods-Location-resources.sh\"\n";
			showEnvVarsInLog = 0;
		};
		C8A442C7D78AB62F8C9F280B /* [CP] Check Pods Manifest.lock */ = {
			isa = PBXShellScriptBuildPhase;
			buildActionMask = 2147483647;
			files = (
			);
			inputFileListPaths = (
			);
			inputPaths = (
				"${PODS_PODFILE_DIR_PATH}/Podfile.lock",
				"${PODS_ROOT}/Manifest.lock",
			);
			name = "[CP] Check Pods Manifest.lock";
			outputFileListPaths = (
			);
			outputPaths = (
				"$(DERIVED_FILE_DIR)/Pods-Location-checkManifestLockResult.txt",
			);
			runOnlyForDeploymentPostprocessing = 0;
			shellPath = /bin/sh;
			shellScript = "diff \"${PODS_PODFILE_DIR_PATH}/Podfile.lock\" \"${PODS_ROOT}/Manifest.lock\" > /dev/null\nif [ $? != 0 ] ; then\n    # print error to STDERR\n    echo \"error: The sandbox is not in sync with the Podfile.lock. Run 'pod install' or update your CocoaPods installation.\" >&2\n    exit 1\nfi\n# This output is used by Xcode 'outputs' to avoid re-running this script phase.\necho \"SUCCESS\" > \"${SCRIPT_OUTPUT_FILE_0}\"\n";
			showEnvVarsInLog = 0;
		};
/* End PBXShellScriptBuildPhase section */

/* Begin PBXSourcesBuildPhase section */
		797CD34727103537005CD514 /* Sources */ = {
			isa = PBXSourcesBuildPhase;
			buildActionMask = 2147483647;
			files = (
				793DC931271C607A00640FA2 /* LoginViewController.swift in Sources */,
				793DC94F271C856500640FA2 /* RegistrationPresentableRouter.swift in Sources */,
				793DC949271C845400640FA2 /* RegistrationViewModel.swift in Sources */,
				793DC942271C7BF700640FA2 /* BaseRouter.swift in Sources */,
				793DC93F271C7A1300640FA2 /* LoginModuleBuilder.swift in Sources */,
				793DC947271C844600640FA2 /* RegistrationViewController.swift in Sources */,
				793DC94D271C847500640FA2 /* RegistrationRouter.swift in Sources */,
				797CD35327103537005CD514 /* MapViewController.swift in Sources */,
				793DC937271C611D00640FA2 /* User.swift in Sources */,
				793DC952271C8B0300640FA2 /* MapPresentableRouter.swift in Sources */,
				797CD34F27103537005CD514 /* AppDelegate.swift in Sources */,
				797CD35127103537005CD514 /* SceneDelegate.swift in Sources */,
				79B426D1271E13450026E257 /* BlockViewController.swift in Sources */,
				793DC934271C60D000640FA2 /* UsersDB.swift in Sources */,
				793DC944271C7D0400640FA2 /* LoginRouter.swift in Sources */,
				793DC94B271C846900640FA2 /* RegistrationModuleBuilder.swift in Sources */,
				793DC93A271C6B9E00640FA2 /* LoginViewModel.swift in Sources */,
			);
			runOnlyForDeploymentPostprocessing = 0;
		};
/* End PBXSourcesBuildPhase section */

/* Begin PBXVariantGroup section */
		797CD3592710353A005CD514 /* LaunchScreen.storyboard */ = {
			isa = PBXVariantGroup;
			children = (
				797CD35A2710353A005CD514 /* Base */,
			);
			name = LaunchScreen.storyboard;
			sourceTree = "<group>";
		};
/* End PBXVariantGroup section */

/* Begin XCBuildConfiguration section */
		797CD35D2710353A005CD514 /* Debug */ = {
			isa = XCBuildConfiguration;
			buildSettings = {
				ALWAYS_SEARCH_USER_PATHS = NO;
				CLANG_ANALYZER_NONNULL = YES;
				CLANG_ANALYZER_NUMBER_OBJECT_CONVERSION = YES_AGGRESSIVE;
				CLANG_CXX_LANGUAGE_STANDARD = "gnu++17";
				CLANG_CXX_LIBRARY = "libc++";
				CLANG_ENABLE_MODULES = YES;
				CLANG_ENABLE_OBJC_ARC = YES;
				CLANG_ENABLE_OBJC_WEAK = YES;
				CLANG_WARN_BLOCK_CAPTURE_AUTORELEASING = YES;
				CLANG_WARN_BOOL_CONVERSION = YES;
				CLANG_WARN_COMMA = YES;
				CLANG_WARN_CONSTANT_CONVERSION = YES;
				CLANG_WARN_DEPRECATED_OBJC_IMPLEMENTATIONS = YES;
				CLANG_WARN_DIRECT_OBJC_ISA_USAGE = YES_ERROR;
				CLANG_WARN_DOCUMENTATION_COMMENTS = YES;
				CLANG_WARN_EMPTY_BODY = YES;
				CLANG_WARN_ENUM_CONVERSION = YES;
				CLANG_WARN_INFINITE_RECURSION = YES;
				CLANG_WARN_INT_CONVERSION = YES;
				CLANG_WARN_NON_LITERAL_NULL_CONVERSION = YES;
				CLANG_WARN_OBJC_IMPLICIT_RETAIN_SELF = YES;
				CLANG_WARN_OBJC_LITERAL_CONVERSION = YES;
				CLANG_WARN_OBJC_ROOT_CLASS = YES_ERROR;
				CLANG_WARN_QUOTED_INCLUDE_IN_FRAMEWORK_HEADER = YES;
				CLANG_WARN_RANGE_LOOP_ANALYSIS = YES;
				CLANG_WARN_STRICT_PROTOTYPES = YES;
				CLANG_WARN_SUSPICIOUS_MOVE = YES;
				CLANG_WARN_UNGUARDED_AVAILABILITY = YES_AGGRESSIVE;
				CLANG_WARN_UNREACHABLE_CODE = YES;
				CLANG_WARN__DUPLICATE_METHOD_MATCH = YES;
				COPY_PHASE_STRIP = NO;
				DEBUG_INFORMATION_FORMAT = dwarf;
				ENABLE_STRICT_OBJC_MSGSEND = YES;
				ENABLE_TESTABILITY = YES;
				GCC_C_LANGUAGE_STANDARD = gnu11;
				GCC_DYNAMIC_NO_PIC = NO;
				GCC_NO_COMMON_BLOCKS = YES;
				GCC_OPTIMIZATION_LEVEL = 0;
				GCC_PREPROCESSOR_DEFINITIONS = (
					"DEBUG=1",
					"$(inherited)",
				);
				GCC_WARN_64_TO_32_BIT_CONVERSION = YES;
				GCC_WARN_ABOUT_RETURN_TYPE = YES_ERROR;
				GCC_WARN_UNDECLARED_SELECTOR = YES;
				GCC_WARN_UNINITIALIZED_AUTOS = YES_AGGRESSIVE;
				GCC_WARN_UNUSED_FUNCTION = YES;
				GCC_WARN_UNUSED_VARIABLE = YES;
				IPHONEOS_DEPLOYMENT_TARGET = 13.0;
				MTL_ENABLE_DEBUG_INFO = INCLUDE_SOURCE;
				MTL_FAST_MATH = YES;
				ONLY_ACTIVE_ARCH = YES;
				SDKROOT = iphoneos;
				SWIFT_ACTIVE_COMPILATION_CONDITIONS = DEBUG;
				SWIFT_OPTIMIZATION_LEVEL = "-Onone";
			};
			name = Debug;
		};
		797CD35E2710353A005CD514 /* Release */ = {
			isa = XCBuildConfiguration;
			buildSettings = {
				ALWAYS_SEARCH_USER_PATHS = NO;
				CLANG_ANALYZER_NONNULL = YES;
				CLANG_ANALYZER_NUMBER_OBJECT_CONVERSION = YES_AGGRESSIVE;
				CLANG_CXX_LANGUAGE_STANDARD = "gnu++17";
				CLANG_CXX_LIBRARY = "libc++";
				CLANG_ENABLE_MODULES = YES;
				CLANG_ENABLE_OBJC_ARC = YES;
				CLANG_ENABLE_OBJC_WEAK = YES;
				CLANG_WARN_BLOCK_CAPTURE_AUTORELEASING = YES;
				CLANG_WARN_BOOL_CONVERSION = YES;
				CLANG_WARN_COMMA = YES;
				CLANG_WARN_CONSTANT_CONVERSION = YES;
				CLANG_WARN_DEPRECATED_OBJC_IMPLEMENTATIONS = YES;
				CLANG_WARN_DIRECT_OBJC_ISA_USAGE = YES_ERROR;
				CLANG_WARN_DOCUMENTATION_COMMENTS = YES;
				CLANG_WARN_EMPTY_BODY = YES;
				CLANG_WARN_ENUM_CONVERSION = YES;
				CLANG_WARN_INFINITE_RECURSION = YES;
				CLANG_WARN_INT_CONVERSION = YES;
				CLANG_WARN_NON_LITERAL_NULL_CONVERSION = YES;
				CLANG_WARN_OBJC_IMPLICIT_RETAIN_SELF = YES;
				CLANG_WARN_OBJC_LITERAL_CONVERSION = YES;
				CLANG_WARN_OBJC_ROOT_CLASS = YES_ERROR;
				CLANG_WARN_QUOTED_INCLUDE_IN_FRAMEWORK_HEADER = YES;
				CLANG_WARN_RANGE_LOOP_ANALYSIS = YES;
				CLANG_WARN_STRICT_PROTOTYPES = YES;
				CLANG_WARN_SUSPICIOUS_MOVE = YES;
				CLANG_WARN_UNGUARDED_AVAILABILITY = YES_AGGRESSIVE;
				CLANG_WARN_UNREACHABLE_CODE = YES;
				CLANG_WARN__DUPLICATE_METHOD_MATCH = YES;
				COPY_PHASE_STRIP = NO;
				DEBUG_INFORMATION_FORMAT = "dwarf-with-dsym";
				ENABLE_NS_ASSERTIONS = NO;
				ENABLE_STRICT_OBJC_MSGSEND = YES;
				GCC_C_LANGUAGE_STANDARD = gnu11;
				GCC_NO_COMMON_BLOCKS = YES;
				GCC_WARN_64_TO_32_BIT_CONVERSION = YES;
				GCC_WARN_ABOUT_RETURN_TYPE = YES_ERROR;
				GCC_WARN_UNDECLARED_SELECTOR = YES;
				GCC_WARN_UNINITIALIZED_AUTOS = YES_AGGRESSIVE;
				GCC_WARN_UNUSED_FUNCTION = YES;
				GCC_WARN_UNUSED_VARIABLE = YES;
				IPHONEOS_DEPLOYMENT_TARGET = 13.0;
				MTL_ENABLE_DEBUG_INFO = NO;
				MTL_FAST_MATH = YES;
				SDKROOT = iphoneos;
				SWIFT_COMPILATION_MODE = wholemodule;
				SWIFT_OPTIMIZATION_LEVEL = "-O";
				VALIDATE_PRODUCT = YES;
			};
			name = Release;
		};
		797CD3602710353A005CD514 /* Debug */ = {
			isa = XCBuildConfiguration;
			baseConfigurationReference = D913475B797B00890269AA45 /* Pods-Location.debug.xcconfig */;
			buildSettings = {
				ASSETCATALOG_COMPILER_APPICON_NAME = AppIcon;
				ASSETCATALOG_COMPILER_GLOBAL_ACCENT_COLOR_NAME = AccentColor;
				CODE_SIGN_STYLE = Automatic;
				CURRENT_PROJECT_VERSION = 1;
				DEVELOPMENT_TEAM = YPX74RZ95A;
				GENERATE_INFOPLIST_FILE = YES;
				INFOPLIST_FILE = Location/Common/Info.plist;
				INFOPLIST_KEY_NSLocationAlwaysAndWhenInUseUsageDescription = "Track your location";
				INFOPLIST_KEY_NSLocationWhenInUseUsageDescription = "Uses current location";
				INFOPLIST_KEY_UIApplicationSupportsIndirectInputEvents = YES;
				INFOPLIST_KEY_UILaunchStoryboardName = LaunchScreen;
				INFOPLIST_KEY_UIMainStoryboardFile = LaunchScreen;
				INFOPLIST_KEY_UISupportedInterfaceOrientations = UIInterfaceOrientationPortrait;
				INFOPLIST_KEY_UISupportedInterfaceOrientations_iPad = "UIInterfaceOrientationPortrait UIInterfaceOrientationPortraitUpsideDown UIInterfaceOrientationLandscapeLeft UIInterfaceOrientationLandscapeRight";
				INFOPLIST_KEY_UISupportedInterfaceOrientations_iPhone = "UIInterfaceOrientationPortrait UIInterfaceOrientationLandscapeLeft UIInterfaceOrientationLandscapeRight";
				IPHONEOS_DEPLOYMENT_TARGET = 13.0;
				LD_RUNPATH_SEARCH_PATHS = (
					"$(inherited)",
					"@executable_path/Frameworks",
				);
				MARKETING_VERSION = 1.0;
				PRODUCT_BUNDLE_IDENTIFIER = com.yuriyFedyunkin.Location;
				PRODUCT_NAME = "$(TARGET_NAME)";
				SWIFT_EMIT_LOC_STRINGS = YES;
				SWIFT_VERSION = 5.0;
				TARGETED_DEVICE_FAMILY = 1;
			};
			name = Debug;
		};
		797CD3612710353A005CD514 /* Release */ = {
			isa = XCBuildConfiguration;
			baseConfigurationReference = 3DADEF39C8C57E051071B5E8 /* Pods-Location.release.xcconfig */;
			buildSettings = {
				ASSETCATALOG_COMPILER_APPICON_NAME = AppIcon;
				ASSETCATALOG_COMPILER_GLOBAL_ACCENT_COLOR_NAME = AccentColor;
				CODE_SIGN_STYLE = Automatic;
				CURRENT_PROJECT_VERSION = 1;
				DEVELOPMENT_TEAM = YPX74RZ95A;
				GENERATE_INFOPLIST_FILE = YES;
				INFOPLIST_FILE = Location/Common/Info.plist;
				INFOPLIST_KEY_NSLocationAlwaysAndWhenInUseUsageDescription = "Track your location";
				INFOPLIST_KEY_NSLocationWhenInUseUsageDescription = "Uses current location";
				INFOPLIST_KEY_UIApplicationSupportsIndirectInputEvents = YES;
				INFOPLIST_KEY_UILaunchStoryboardName = LaunchScreen;
				INFOPLIST_KEY_UIMainStoryboardFile = LaunchScreen;
				INFOPLIST_KEY_UISupportedInterfaceOrientations = UIInterfaceOrientationPortrait;
				INFOPLIST_KEY_UISupportedInterfaceOrientations_iPad = "UIInterfaceOrientationPortrait UIInterfaceOrientationPortraitUpsideDown UIInterfaceOrientationLandscapeLeft UIInterfaceOrientationLandscapeRight";
				INFOPLIST_KEY_UISupportedInterfaceOrientations_iPhone = "UIInterfaceOrientationPortrait UIInterfaceOrientationLandscapeLeft UIInterfaceOrientationLandscapeRight";
				IPHONEOS_DEPLOYMENT_TARGET = 13.0;
				LD_RUNPATH_SEARCH_PATHS = (
					"$(inherited)",
					"@executable_path/Frameworks",
				);
				MARKETING_VERSION = 1.0;
				PRODUCT_BUNDLE_IDENTIFIER = com.yuriyFedyunkin.Location;
				PRODUCT_NAME = "$(TARGET_NAME)";
				SWIFT_EMIT_LOC_STRINGS = YES;
				SWIFT_VERSION = 5.0;
				TARGETED_DEVICE_FAMILY = 1;
			};
			name = Release;
		};
/* End XCBuildConfiguration section */

/* Begin XCConfigurationList section */
		797CD34627103537005CD514 /* Build configuration list for PBXProject "Location" */ = {
			isa = XCConfigurationList;
			buildConfigurations = (
				797CD35D2710353A005CD514 /* Debug */,
				797CD35E2710353A005CD514 /* Release */,
			);
			defaultConfigurationIsVisible = 0;
			defaultConfigurationName = Release;
		};
		797CD35F2710353A005CD514 /* Build configuration list for PBXNativeTarget "Location" */ = {
			isa = XCConfigurationList;
			buildConfigurations = (
				797CD3602710353A005CD514 /* Debug */,
				797CD3612710353A005CD514 /* Release */,
			);
			defaultConfigurationIsVisible = 0;
			defaultConfigurationName = Release;
		};
/* End XCConfigurationList section */
	};
	rootObject = 797CD34327103537005CD514 /* Project object */;
}
